
Microsoft Visual Studio Solution File, Format Version 12.00
# Visual Studio Version 16
VisualStudioVersion = 16.0.31702.278
MinimumVisualStudioVersion = 10.0.40219.1
Project("{FAE04EC0-301F-11D3-BF4B-00C04F79EFBC}") = "Disablity-Site-Project", "Disablity-Site-Project\Disablity-Site-Project.csproj", "{46F99D95-1F83-46CB-B5F9-0F51F2967BB1}"
EndProject
Global
	GlobalSection(SolutionConfigurationPlatforms) = preSolution
		Debug|Any CPU = Debug|Any CPU
		Release|Any CPU = Release|Any CPU
	EndGlobalSection
	GlobalSection(ProjectConfigurationPlatforms) = postSolution
		{46F99D95-1F83-46CB-B5F9-0F51F2967BB1}.Debug|Any CPU.ActiveCfg = Debug|Any CPU
		{46F99D95-1F83-46CB-B5F9-0F51F2967BB1}.Debug|Any CPU.Build.0 = Debug|Any CPU
		{46F99D95-1F83-46CB-B5F9-0F51F2967BB1}.Release|Any CPU.ActiveCfg = Release|Any CPU
		{46F99D95-1F83-46CB-B5F9-0F51F2967BB1}.Release|Any CPU.Build.0 = Release|Any CPU
	EndGlobalSection
	GlobalSection(SolutionProperties) = preSolution
		HideSolutionNode = FALSE
	EndGlobalSection
	GlobalSection(ExtensibilityGlobals) = postSolution
		SolutionGuid = {89525692-95E7-43FB-9D5F-79370EDD51C6}
	EndGlobalSection
EndGlobal
